
Microsoft Visual Studio Solution File, Format Version 12.00
# Visual Studio Version 17
VisualStudioVersion = 17.5.002.0
MinimumVisualStudioVersion = 10.0.40219.1
Project("{2150E333-8FDC-42A3-9474-1A3956D46DE8}") = "sandbox", "sandbox", "{ED650628-15AA-42CE-9C83-5C4349E35C0E}"
EndProject
Project("{9A19103F-16F7-4668-BE54-9A1E7A4F7556}") = "sandbox_project", "sandbox\sandbox_project\sandbox_project.csproj", "{ABDAE4A2-4D92-4A94-A052-5A841078558B}"
EndProject
Project("{2150E333-8FDC-42A3-9474-1A3956D46DE8}") = "week01", "week01", "{CE743945-6399-4075-A9E9-284DAF71A888}"
EndProject
Project("{9A19103F-16F7-4668-BE54-9A1E7A4F7556}") = "analyze", "week01\analyze\analyze.csproj", "{DFF380E4-D571-43C9-8ED5-372587D0C8A3}"
EndProject
Project("{9A19103F-16F7-4668-BE54-9A1E7A4F7556}") = "code", "week01\code\code.csproj", "{2FFC18C0-DCE7-47FC-A264-C74390760885}"
EndProject
Project("{9A19103F-16F7-4668-BE54-9A1E7A4F7556}") = "teach", "week01\teach\teach.csproj", "{5D849C2E-3D16-4DFA-AC30-811C1A30B21A}"
EndProject
Project("{2150E333-8FDC-42A3-9474-1A3956D46DE8}") = "week02", "week02", "{056D3E08-26B4-4144-BB55-9344DB2D1729}"
EndProject
Project("{9A19103F-16F7-4668-BE54-9A1E7A4F7556}") = "analyze", "week02\analyze\analyze.csproj", "{5246EFF0-DB04-48DD-B4DA-62D32E1BD187}"
EndProject
Project("{9A19103F-16F7-4668-BE54-9A1E7A4F7556}") = "code", "week02\code\code.csproj", "{6FB01A83-D49E-4FE2-AAB3-765AC6859AC9}"
EndProject
Project("{9A19103F-16F7-4668-BE54-9A1E7A4F7556}") = "learn", "week02\learn\learn.csproj", "{7EFFDEA3-8DF3-45EC-84BD-708673CDD654}"
EndProject
Project("{9A19103F-16F7-4668-BE54-9A1E7A4F7556}") = "teach", "week02\teach\teach.csproj", "{44517255-22DF-4137-AE26-4410195FC27A}"
EndProject
Project("{2150E333-8FDC-42A3-9474-1A3956D46DE8}") = "week03", "week03", "{A8086A9D-7045-4A8E-85BF-AF7FA2CB5755}"
EndProject
Project("{9A19103F-16F7-4668-BE54-9A1E7A4F7556}") = "code", "week03\code\code.csproj", "{114AA8C0-A76C-4A65-B780-4329D86B1377}"
EndProject
Project("{9A19103F-16F7-4668-BE54-9A1E7A4F7556}") = "learn", "week03\learn\learn.csproj", "{0BE26D90-B53F-4015-AE72-4459EB0DC5EF}"
EndProject
Project("{9A19103F-16F7-4668-BE54-9A1E7A4F7556}") = "teach", "week03\teach\teach.csproj", "{6DC8A121-4FDC-4803-9B10-4DEAC273737A}"
EndProject
Project("{2150E333-8FDC-42A3-9474-1A3956D46DE8}") = "week04", "week04", "{6CCA5648-6C99-4E59-B790-A2FB79F83EB4}"
EndProject
Project("{9A19103F-16F7-4668-BE54-9A1E7A4F7556}") = "code", "week04\code\code.csproj", "{B78CAEC1-6408-42A3-842E-EDA034AA7699}"
EndProject
Project("{2150E333-8FDC-42A3-9474-1A3956D46DE8}") = "week05", "week05", "{1F932EDA-89EA-4561-87B2-D1AED653C242}"
EndProject
Project("{9A19103F-16F7-4668-BE54-9A1E7A4F7556}") = "code", "week05\code\code.csproj", "{98DDB096-3780-4EEC-8EE8-CF00F3D671FB}"
EndProject
Project("{2150E333-8FDC-42A3-9474-1A3956D46DE8}") = "week06", "week06", "{7E0CA900-CC96-41DE-9F29-5DF9454ED8C3}"
EndProject
Project("{9A19103F-16F7-4668-BE54-9A1E7A4F7556}") = "code", "week06\code\code.csproj", "{3419815B-C855-4C75-9D92-B825C1935AE6}"
EndProject
Global
	GlobalSection(SolutionConfigurationPlatforms) = preSolution
		Debug|Any CPU = Debug|Any CPU
		Release|Any CPU = Release|Any CPU
	EndGlobalSection
	GlobalSection(ProjectConfigurationPlatforms) = postSolution
		{ABDAE4A2-4D92-4A94-A052-5A841078558B}.Debug|Any CPU.ActiveCfg = Debug|Any CPU
		{ABDAE4A2-4D92-4A94-A052-5A841078558B}.Debug|Any CPU.Build.0 = Debug|Any CPU
		{ABDAE4A2-4D92-4A94-A052-5A841078558B}.Release|Any CPU.ActiveCfg = Release|Any CPU
		{ABDAE4A2-4D92-4A94-A052-5A841078558B}.Release|Any CPU.Build.0 = Release|Any CPU
		{DFF380E4-D571-43C9-8ED5-372587D0C8A3}.Debug|Any CPU.ActiveCfg = Debug|Any CPU
		{DFF380E4-D571-43C9-8ED5-372587D0C8A3}.Debug|Any CPU.Build.0 = Debug|Any CPU
		{DFF380E4-D571-43C9-8ED5-372587D0C8A3}.Release|Any CPU.ActiveCfg = Release|Any CPU
		{DFF380E4-D571-43C9-8ED5-372587D0C8A3}.Release|Any CPU.Build.0 = Release|Any CPU
		{2FFC18C0-DCE7-47FC-A264-C74390760885}.Debug|Any CPU.ActiveCfg = Debug|Any CPU
		{2FFC18C0-DCE7-47FC-A264-C74390760885}.Debug|Any CPU.Build.0 = Debug|Any CPU
		{2FFC18C0-DCE7-47FC-A264-C74390760885}.Release|Any CPU.ActiveCfg = Release|Any CPU
		{2FFC18C0-DCE7-47FC-A264-C74390760885}.Release|Any CPU.Build.0 = Release|Any CPU
		{5D849C2E-3D16-4DFA-AC30-811C1A30B21A}.Debug|Any CPU.ActiveCfg = Debug|Any CPU
		{5D849C2E-3D16-4DFA-AC30-811C1A30B21A}.Debug|Any CPU.Build.0 = Debug|Any CPU
		{5D849C2E-3D16-4DFA-AC30-811C1A30B21A}.Release|Any CPU.ActiveCfg = Release|Any CPU
		{5D849C2E-3D16-4DFA-AC30-811C1A30B21A}.Release|Any CPU.Build.0 = Release|Any CPU
		{5246EFF0-DB04-48DD-B4DA-62D32E1BD187}.Debug|Any CPU.ActiveCfg = Debug|Any CPU
		{5246EFF0-DB04-48DD-B4DA-62D32E1BD187}.Debug|Any CPU.Build.0 = Debug|Any CPU
		{5246EFF0-DB04-48DD-B4DA-62D32E1BD187}.Release|Any CPU.ActiveCfg = Release|Any CPU
		{5246EFF0-DB04-48DD-B4DA-62D32E1BD187}.Release|Any CPU.Build.0 = Release|Any CPU
		{6FB01A83-D49E-4FE2-AAB3-765AC6859AC9}.Debug|Any CPU.ActiveCfg = Debug|Any CPU
		{6FB01A83-D49E-4FE2-AAB3-765AC6859AC9}.Debug|Any CPU.Build.0 = Debug|Any CPU
		{6FB01A83-D49E-4FE2-AAB3-765AC6859AC9}.Release|Any CPU.ActiveCfg = Release|Any CPU
		{6FB01A83-D49E-4FE2-AAB3-765AC6859AC9}.Release|Any CPU.Build.0 = Release|Any CPU
		{7EFFDEA3-8DF3-45EC-84BD-708673CDD654}.Debug|Any CPU.ActiveCfg = Debug|Any CPU
		{7EFFDEA3-8DF3-45EC-84BD-708673CDD654}.Debug|Any CPU.Build.0 = Debug|Any CPU
		{7EFFDEA3-8DF3-45EC-84BD-708673CDD654}.Release|Any CPU.ActiveCfg = Release|Any CPU
		{7EFFDEA3-8DF3-45EC-84BD-708673CDD654}.Release|Any CPU.Build.0 = Release|Any CPU
		{44517255-22DF-4137-AE26-4410195FC27A}.Debug|Any CPU.ActiveCfg = Debug|Any CPU
		{44517255-22DF-4137-AE26-4410195FC27A}.Debug|Any CPU.Build.0 = Debug|Any CPU
		{44517255-22DF-4137-AE26-4410195FC27A}.Release|Any CPU.ActiveCfg = Release|Any CPU
		{44517255-22DF-4137-AE26-4410195FC27A}.Release|Any CPU.Build.0 = Release|Any CPU
		{114AA8C0-A76C-4A65-B780-4329D86B1377}.Debug|Any CPU.ActiveCfg = Debug|Any CPU
		{114AA8C0-A76C-4A65-B780-4329D86B1377}.Debug|Any CPU.Build.0 = Debug|Any CPU
		{114AA8C0-A76C-4A65-B780-4329D86B1377}.Release|Any CPU.ActiveCfg = Release|Any CPU
		{114AA8C0-A76C-4A65-B780-4329D86B1377}.Release|Any CPU.Build.0 = Release|Any CPU
		{0BE26D90-B53F-4015-AE72-4459EB0DC5EF}.Debug|Any CPU.ActiveCfg = Debug|Any CPU
		{0BE26D90-B53F-4015-AE72-4459EB0DC5EF}.Debug|Any CPU.Build.0 = Debug|Any CPU
		{0BE26D90-B53F-4015-AE72-4459EB0DC5EF}.Release|Any CPU.ActiveCfg = Release|Any CPU
		{0BE26D90-B53F-4015-AE72-4459EB0DC5EF}.Release|Any CPU.Build.0 = Release|Any CPU
		{6DC8A121-4FDC-4803-9B10-4DEAC273737A}.Debug|Any CPU.ActiveCfg = Debug|Any CPU
		{6DC8A121-4FDC-4803-9B10-4DEAC273737A}.Debug|Any CPU.Build.0 = Debug|Any CPU
		{6DC8A121-4FDC-4803-9B10-4DEAC273737A}.Release|Any CPU.ActiveCfg = Release|Any CPU
		{6DC8A121-4FDC-4803-9B10-4DEAC273737A}.Release|Any CPU.Build.0 = Release|Any CPU
		{B78CAEC1-6408-42A3-842E-EDA034AA7699}.Debug|Any CPU.ActiveCfg = Debug|Any CPU
		{B78CAEC1-6408-42A3-842E-EDA034AA7699}.Debug|Any CPU.Build.0 = Debug|Any CPU
		{B78CAEC1-6408-42A3-842E-EDA034AA7699}.Release|Any CPU.ActiveCfg = Release|Any CPU
		{B78CAEC1-6408-42A3-842E-EDA034AA7699}.Release|Any CPU.Build.0 = Release|Any CPU
		{98DDB096-3780-4EEC-8EE8-CF00F3D671FB}.Debug|Any CPU.ActiveCfg = Debug|Any CPU
		{98DDB096-3780-4EEC-8EE8-CF00F3D671FB}.Debug|Any CPU.Build.0 = Debug|Any CPU
		{98DDB096-3780-4EEC-8EE8-CF00F3D671FB}.Release|Any CPU.ActiveCfg = Release|Any CPU
		{98DDB096-3780-4EEC-8EE8-CF00F3D671FB}.Release|Any CPU.Build.0 = Release|Any CPU
		{3419815B-C855-4C75-9D92-B825C1935AE6}.Debug|Any CPU.ActiveCfg = Debug|Any CPU
		{3419815B-C855-4C75-9D92-B825C1935AE6}.Debug|Any CPU.Build.0 = Debug|Any CPU
		{3419815B-C855-4C75-9D92-B825C1935AE6}.Release|Any CPU.ActiveCfg = Release|Any CPU
		{3419815B-C855-4C75-9D92-B825C1935AE6}.Release|Any CPU.Build.0 = Release|Any CPU
	EndGlobalSection
	GlobalSection(SolutionProperties) = preSolution
		HideSolutionNode = FALSE
	EndGlobalSection
	GlobalSection(NestedProjects) = preSolution
		{ABDAE4A2-4D92-4A94-A052-5A841078558B} = {ED650628-15AA-42CE-9C83-5C4349E35C0E}
		{DFF380E4-D571-43C9-8ED5-372587D0C8A3} = {CE743945-6399-4075-A9E9-284DAF71A888}
		{2FFC18C0-DCE7-47FC-A264-C74390760885} = {CE743945-6399-4075-A9E9-284DAF71A888}
		{5D849C2E-3D16-4DFA-AC30-811C1A30B21A} = {CE743945-6399-4075-A9E9-284DAF71A888}
		{5246EFF0-DB04-48DD-B4DA-62D32E1BD187} = {056D3E08-26B4-4144-BB55-9344DB2D1729}
		{6FB01A83-D49E-4FE2-AAB3-765AC6859AC9} = {056D3E08-26B4-4144-BB55-9344DB2D1729}
		{7EFFDEA3-8DF3-45EC-84BD-708673CDD654} = {056D3E08-26B4-4144-BB55-9344DB2D1729}
		{44517255-22DF-4137-AE26-4410195FC27A} = {056D3E08-26B4-4144-BB55-9344DB2D1729}
		{114AA8C0-A76C-4A65-B780-4329D86B1377} = {A8086A9D-7045-4A8E-85BF-AF7FA2CB5755}
		{0BE26D90-B53F-4015-AE72-4459EB0DC5EF} = {A8086A9D-7045-4A8E-85BF-AF7FA2CB5755}
		{6DC8A121-4FDC-4803-9B10-4DEAC273737A} = {A8086A9D-7045-4A8E-85BF-AF7FA2CB5755}
		{B78CAEC1-6408-42A3-842E-EDA034AA7699} = {6CCA5648-6C99-4E59-B790-A2FB79F83EB4}
		{98DDB096-3780-4EEC-8EE8-CF00F3D671FB} = {1F932EDA-89EA-4561-87B2-D1AED653C242}
		{3419815B-C855-4C75-9D92-B825C1935AE6} = {7E0CA900-CC96-41DE-9F29-5DF9454ED8C3}
	EndGlobalSection
	GlobalSection(ExtensibilityGlobals) = postSolution
		SolutionGuid = {9237F819-4B32-4B09-97DA-EAFBDE1B825D}
	EndGlobalSection
EndGlobal
